// !$*UTF8*$!
{
	archiveVersion = 1;
	classes = {
	};
	objectVersion = 55;
	objects = {

/* Begin PBXBuildFile section */
		ADBB0466286B680B00054E4A /* OptiEmailValidator.docc in Sources */ = {isa = PBXBuildFile; fileRef = ADBB0465286B680B00054E4A /* OptiEmailValidator.docc */; };
		ADBB046C286B680B00054E4A /* OptiEmailValidator.framework in Frameworks */ = {isa = PBXBuildFile; fileRef = ADBB0461286B680B00054E4A /* OptiEmailValidator.framework */; };
		ADBB0471286B680B00054E4A /* OptiEmailValidatorTests.swift in Sources */ = {isa = PBXBuildFile; fileRef = ADBB0470286B680B00054E4A /* OptiEmailValidatorTests.swift */; };
		ADBB0472286B680B00054E4A /* OptiEmailValidator.h in Headers */ = {isa = PBXBuildFile; fileRef = ADBB0464286B680B00054E4A /* OptiEmailValidator.h */; settings = {ATTRIBUTES = (Public, ); }; };
/* End PBXBuildFile section */

/* Begin PBXContainerItemProxy section */
		ADBB046D286B680B00054E4A /* PBXContainerItemProxy */ = {
			isa = PBXContainerItemProxy;
			containerPortal = ADBB0458286B680B00054E4A /* Project object */;
			proxyType = 1;
			remoteGlobalIDString = ADBB0460286B680B00054E4A;
			remoteInfo = OptiEmailValidator;
		};
/* End PBXContainerItemProxy section */

/* Begin PBXFileReference section */
		ADBB0461286B680B00054E4A /* OptiEmailValidator.framework */ = {isa = PBXFileReference; explicitFileType = wrapper.framework; includeInIndex = 0; path = OptiEmailValidator.framework; sourceTree = BUILT_PRODUCTS_DIR; };
		ADBB0464286B680B00054E4A /* OptiEmailValidator.h */ = {isa = PBXFileReference; lastKnownFileType = sourcecode.c.h; path = OptiEmailValidator.h; sourceTree = "<group>"; };
		ADBB0465286B680B00054E4A /* OptiEmailValidator.docc */ = {isa = PBXFileReference; lastKnownFileType = folder.documentationcatalog; path = OptiEmailValidator.docc; sourceTree = "<group>"; };
		ADBB046B286B680B00054E4A /* OptiEmailValidatorTests.xctest */ = {isa = PBXFileReference; explicitFileType = wrapper.cfbundle; includeInIndex = 0; path = OptiEmailValidatorTests.xctest; sourceTree = BUILT_PRODUCTS_DIR; };
		ADBB0470286B680B00054E4A /* OptiEmailValidatorTests.swift */ = {isa = PBXFileReference; lastKnownFileType = sourcecode.swift; path = OptiEmailValidatorTests.swift; sourceTree = "<group>"; };
/* End PBXFileReference section */

/* Begin PBXFrameworksBuildPhase section */
		ADBB045E286B680B00054E4A /* Frameworks */ = {
			isa = PBXFrameworksBuildPhase;
			buildActionMask = 2147483647;
			files = (
			);
			runOnlyForDeploymentPostprocessing = 0;
		};
		ADBB0468286B680B00054E4A /* Frameworks */ = {
			isa = PBXFrameworksBuildPhase;
			buildActionMask = 2147483647;
			files = (
				ADBB046C286B680B00054E4A /* OptiEmailValidator.framework in Frameworks */,
			);
			runOnlyForDeploymentPostprocessing = 0;
		};
/* End PBXFrameworksBuildPhase section */

/* Begin PBXGroup section */
		ADBB0457286B680B00054E4A = {
			isa = PBXGroup;
			children = (
				ADBB0463286B680B00054E4A /* OptiEmailValidator */,
				ADBB046F286B680B00054E4A /* OptiEmailValidatorTests */,
				ADBB0462286B680B00054E4A /* Products */,
			);
			sourceTree = "<group>";
		};
		ADBB0462286B680B00054E4A /* Products */ = {
			isa = PBXGroup;
			children = (
				ADBB0461286B680B00054E4A /* OptiEmailValidator.framework */,
				ADBB046B286B680B00054E4A /* OptiEmailValidatorTests.xctest */,
			);
			name = Products;
			sourceTree = "<group>";
		};
		ADBB0463286B680B00054E4A /* OptiEmailValidator */ = {
			isa = PBXGroup;
			children = (
				ADBB0464286B680B00054E4A /* OptiEmailValidator.h */,
				ADBB0465286B680B00054E4A /* OptiEmailValidator.docc */,
			);
			path = OptiEmailValidator;
			sourceTree = "<group>";
		};
		ADBB046F286B680B00054E4A /* OptiEmailValidatorTests */ = {
			isa = PBXGroup;
			children = (
				ADBB0470286B680B00054E4A /* OptiEmailValidatorTests.swift */,
			);
			path = OptiEmailValidatorTests;
			sourceTree = "<group>";
		};
/* End PBXGroup section */

/* Begin PBXHeadersBuildPhase section */
		ADBB045C286B680B00054E4A /* Headers */ = {
			isa = PBXHeadersBuildPhase;
			buildActionMask = 2147483647;
			files = (
				ADBB0472286B680B00054E4A /* OptiEmailValidator.h in Headers */,
			);
			runOnlyForDeploymentPostprocessing = 0;
		};
/* End PBXHeadersBuildPhase section */

/* Begin PBXNativeTarget section */
		ADBB0460286B680B00054E4A /* OptiEmailValidator */ = {
			isa = PBXNativeTarget;
			buildConfigurationList = ADBB0475286B680B00054E4A /* Build configuration list for PBXNativeTarget "OptiEmailValidator" */;
			buildPhases = (
				ADBB045C286B680B00054E4A /* Headers */,
				ADBB045D286B680B00054E4A /* Sources */,
				ADBB045E286B680B00054E4A /* Frameworks */,
				ADBB045F286B680B00054E4A /* Resources */,
			);
			buildRules = (
			);
			dependencies = (
			);
			name = OptiEmailValidator;
			productName = OptiEmailValidator;
			productReference = ADBB0461286B680B00054E4A /* OptiEmailValidator.framework */;
			productType = "com.apple.product-type.framework";
		};
		ADBB046A286B680B00054E4A /* OptiEmailValidatorTests */ = {
			isa = PBXNativeTarget;
			buildConfigurationList = ADBB0478286B680B00054E4A /* Build configuration list for PBXNativeTarget "OptiEmailValidatorTests" */;
			buildPhases = (
				ADBB0467286B680B00054E4A /* Sources */,
				ADBB0468286B680B00054E4A /* Frameworks */,
				ADBB0469286B680B00054E4A /* Resources */,
			);
			buildRules = (
			);
			dependencies = (
				ADBB046E286B680B00054E4A /* PBXTargetDependency */,
			);
			name = OptiEmailValidatorTests;
			productName = OptiEmailValidatorTests;
			productReference = ADBB046B286B680B00054E4A /* OptiEmailValidatorTests.xctest */;
			productType = "com.apple.product-type.bundle.unit-test";
		};
/* End PBXNativeTarget section */

/* Begin PBXProject section */
		ADBB0458286B680B00054E4A /* Project object */ = {
			isa = PBXProject;
			attributes = {
				BuildIndependentTargetsInParallel = 1;
				LastSwiftUpdateCheck = 1340;
				LastUpgradeCheck = 1340;
				TargetAttributes = {
					ADBB0460286B680B00054E4A = {
						CreatedOnToolsVersion = 13.4.1;
					};
					ADBB046A286B680B00054E4A = {
						CreatedOnToolsVersion = 13.4.1;
					};
				};
			};
			buildConfigurationList = ADBB045B286B680B00054E4A /* Build configuration list for PBXProject "OptiEmailValidator" */;
			compatibilityVersion = "Xcode 13.0";
			developmentRegion = en;
			hasScannedForEncodings = 0;
			knownRegions = (
				en,
				Base,
			);
			mainGroup = ADBB0457286B680B00054E4A;
			productRefGroup = ADBB0462286B680B00054E4A /* Products */;
			projectDirPath = "";
			projectRoot = "";
			targets = (
				ADBB0460286B680B00054E4A /* OptiEmailValidator */,
				ADBB046A286B680B00054E4A /* OptiEmailValidatorTests */,
			);
		};
/* End PBXProject section */

/* Begin PBXResourcesBuildPhase section */
		ADBB045F286B680B00054E4A /* Resources */ = {
			isa = PBXResourcesBuildPhase;
			buildActionMask = 2147483647;
			files = (
			);
			runOnlyForDeploymentPostprocessing = 0;
		};
		ADBB0469286B680B00054E4A /* Resources */ = {
			isa = PBXResourcesBuildPhase;
			buildActionMask = 2147483647;
			files = (
			);
			runOnlyForDeploymentPostprocessing = 0;
		};
/* End PBXResourcesBuildPhase section */

/* Begin PBXSourcesBuildPhase section */
		ADBB045D286B680B00054E4A /* Sources */ = {
			isa = PBXSourcesBuildPhase;
			buildActionMask = 2147483647;
			files = (
				ADBB0466286B680B00054E4A /* OptiEmailValidator.docc in Sources */,
			);
			runOnlyForDeploymentPostprocessing = 0;
		};
		ADBB0467286B680B00054E4A /* Sources */ = {
			isa = PBXSourcesBuildPhase;
			buildActionMask = 2147483647;
			files = (
				ADBB0471286B680B00054E4A /* OptiEmailValidatorTests.swift in Sources */,
			);
			runOnlyForDeploymentPostprocessing = 0;
		};
/* End PBXSourcesBuildPhase section */

/* Begin PBXTargetDependency section */
		ADBB046E286B680B00054E4A /* PBXTargetDependency */ = {
			isa = PBXTargetDependency;
			target = ADBB0460286B680B00054E4A /* OptiEmailValidator */;
			targetProxy = ADBB046D286B680B00054E4A /* PBXContainerItemProxy */;
		};
/* End PBXTargetDependency section */

/* Begin XCBuildConfiguration section */
		ADBB0473286B680B00054E4A /* Debug */ = {
			isa = XCBuildConfiguration;
			buildSettings = {
				ALWAYS_SEARCH_USER_PATHS = NO;
				CLANG_ANALYZER_NONNULL = YES;
				CLANG_ANALYZER_NUMBER_OBJECT_CONVERSION = YES_AGGRESSIVE;
				CLANG_CXX_LANGUAGE_STANDARD = "gnu++17";
				CLANG_ENABLE_MODULES = YES;
				CLANG_ENABLE_OBJC_ARC = YES;
				CLANG_ENABLE_OBJC_WEAK = YES;
				CLANG_WARN_BLOCK_CAPTURE_AUTORELEASING = YES;
				CLANG_WARN_BOOL_CONVERSION = YES;
				CLANG_WARN_COMMA = YES;
				CLANG_WARN_CONSTANT_CONVERSION = YES;
				CLANG_WARN_DEPRECATED_OBJC_IMPLEMENTATIONS = YES;
				CLANG_WARN_DIRECT_OBJC_ISA_USAGE = YES_ERROR;
				CLANG_WARN_DOCUMENTATION_COMMENTS = YES;
				CLANG_WARN_EMPTY_BODY = YES;
				CLANG_WARN_ENUM_CONVERSION = YES;
				CLANG_WARN_INFINITE_RECURSION = YES;
				CLANG_WARN_INT_CONVERSION = YES;
				CLANG_WARN_NON_LITERAL_NULL_CONVERSION = YES;
				CLANG_WARN_OBJC_IMPLICIT_RETAIN_SELF = YES;
				CLANG_WARN_OBJC_LITERAL_CONVERSION = YES;
				CLANG_WARN_OBJC_ROOT_CLASS = YES_ERROR;
				CLANG_WARN_QUOTED_INCLUDE_IN_FRAMEWORK_HEADER = YES;
				CLANG_WARN_RANGE_LOOP_ANALYSIS = YES;
				CLANG_WARN_STRICT_PROTOTYPES = YES;
				CLANG_WARN_SUSPICIOUS_MOVE = YES;
				CLANG_WARN_UNGUARDED_AVAILABILITY = YES_AGGRESSIVE;
				CLANG_WARN_UNREACHABLE_CODE = YES;
				CLANG_WARN__DUPLICATE_METHOD_MATCH = YES;
				COPY_PHASE_STRIP = NO;
				CURRENT_PROJECT_VERSION = 1;
				DEBUG_INFORMATION_FORMAT = dwarf;
				ENABLE_STRICT_OBJC_MSGSEND = YES;
				ENABLE_TESTABILITY = YES;
				GCC_C_LANGUAGE_STANDARD = gnu11;
				GCC_DYNAMIC_NO_PIC = NO;
				GCC_NO_COMMON_BLOCKS = YES;
				GCC_OPTIMIZATION_LEVEL = 0;
				GCC_PREPROCESSOR_DEFINITIONS = (
					"DEBUG=1",
					"$(inherited)",
				);
				GCC_WARN_64_TO_32_BIT_CONVERSION = YES;
				GCC_WARN_ABOUT_RETURN_TYPE = YES_ERROR;
				GCC_WARN_UNDECLARED_SELECTOR = YES;
				GCC_WARN_UNINITIALIZED_AUTOS = YES_AGGRESSIVE;
				GCC_WARN_UNUSED_FUNCTION = YES;
				GCC_WARN_UNUSED_VARIABLE = YES;
				IPHONEOS_DEPLOYMENT_TARGET = 15.5;
				MTL_ENABLE_DEBUG_INFO = INCLUDE_SOURCE;
				MTL_FAST_MATH = YES;
				ONLY_ACTIVE_ARCH = YES;
				SDKROOT = iphoneos;
				SWIFT_ACTIVE_COMPILATION_CONDITIONS = DEBUG;
				SWIFT_OPTIMIZATION_LEVEL = "-Onone";
				VERSIONING_SYSTEM = "apple-generic";
				VERSION_INFO_PREFIX = "";
			};
			name = Debug;
		};
		ADBB0474286B680B00054E4A /* Release */ = {
			isa = XCBuildConfiguration;
			buildSettings = {
				ALWAYS_SEARCH_USER_PATHS = NO;
				CLANG_ANALYZER_NONNULL = YES;
				CLANG_ANALYZER_NUMBER_OBJECT_CONVERSION = YES_AGGRESSIVE;
				CLANG_CXX_LANGUAGE_STANDARD = "gnu++17";
				CLANG_ENABLE_MODULES = YES;
				CLANG_ENABLE_OBJC_ARC = YES;
				CLANG_ENABLE_OBJC_WEAK = YES;
				CLANG_WARN_BLOCK_CAPTURE_AUTORELEASING = YES;
				CLANG_WARN_BOOL_CONVERSION = YES;
				CLANG_WARN_COMMA = YES;
				CLANG_WARN_CONSTANT_CONVERSION = YES;
				CLANG_WARN_DEPRECATED_OBJC_IMPLEMENTATIONS = YES;
				CLANG_WARN_DIRECT_OBJC_ISA_USAGE = YES_ERROR;
				CLANG_WARN_DOCUMENTATION_COMMENTS = YES;
				CLANG_WARN_EMPTY_BODY = YES;
				CLANG_WARN_ENUM_CONVERSION = YES;
				CLANG_WARN_INFINITE_RECURSION = YES;
				CLANG_WARN_INT_CONVERSION = YES;
				CLANG_WARN_NON_LITERAL_NULL_CONVERSION = YES;
				CLANG_WARN_OBJC_IMPLICIT_RETAIN_SELF = YES;
				CLANG_WARN_OBJC_LITERAL_CONVERSION = YES;
				CLANG_WARN_OBJC_ROOT_CLASS = YES_ERROR;
				CLANG_WARN_QUOTED_INCLUDE_IN_FRAMEWORK_HEADER = YES;
				CLANG_WARN_RANGE_LOOP_ANALYSIS = YES;
				CLANG_WARN_STRICT_PROTOTYPES = YES;
				CLANG_WARN_SUSPICIOUS_MOVE = YES;
				CLANG_WARN_UNGUARDED_AVAILABILITY = YES_AGGRESSIVE;
				CLANG_WARN_UNREACHABLE_CODE = YES;
				CLANG_WARN__DUPLICATE_METHOD_MATCH = YES;
				COPY_PHASE_STRIP = NO;
				CURRENT_PROJECT_VERSION = 1;
				DEBUG_INFORMATION_FORMAT = "dwarf-with-dsym";
				ENABLE_NS_ASSERTIONS = NO;
				ENABLE_STRICT_OBJC_MSGSEND = YES;
				GCC_C_LANGUAGE_STANDARD = gnu11;
				GCC_NO_COMMON_BLOCKS = YES;
				GCC_WARN_64_TO_32_BIT_CONVERSION = YES;
				GCC_WARN_ABOUT_RETURN_TYPE = YES_ERROR;
				GCC_WARN_UNDECLARED_SELECTOR = YES;
				GCC_WARN_UNINITIALIZED_AUTOS = YES_AGGRESSIVE;
				GCC_WARN_UNUSED_FUNCTION = YES;
				GCC_WARN_UNUSED_VARIABLE = YES;
				IPHONEOS_DEPLOYMENT_TARGET = 15.5;
				MTL_ENABLE_DEBUG_INFO = NO;
				MTL_FAST_MATH = YES;
				SDKROOT = iphoneos;
				SWIFT_COMPILATION_MODE = wholemodule;
				SWIFT_OPTIMIZATION_LEVEL = "-O";
				VALIDATE_PRODUCT = YES;
				VERSIONING_SYSTEM = "apple-generic";
				VERSION_INFO_PREFIX = "";
			};
			name = Release;
		};
		ADBB0476286B680B00054E4A /* Debug */ = {
			isa = XCBuildConfiguration;
			buildSettings = {
				CODE_SIGN_STYLE = Automatic;
				CURRENT_PROJECT_VERSION = 1;
				DEFINES_MODULE = YES;
				DYLIB_COMPATIBILITY_VERSION = 1;
				DYLIB_CURRENT_VERSION = 1;
				DYLIB_INSTALL_NAME_BASE = "@rpath";
				GENERATE_INFOPLIST_FILE = YES;
				INFOPLIST_KEY_NSHumanReadableCopyright = "";
				INSTALL_PATH = "$(LOCAL_LIBRARY_DIR)/Frameworks";
				LD_RUNPATH_SEARCH_PATHS = (
					"$(inherited)",
					"@executable_path/Frameworks",
					"@loader_path/Frameworks",
				);
				MARKETING_VERSION = 1.0;
				PRODUCT_BUNDLE_IDENTIFIER = raguloptisol.OptiEmailValidator;
				PRODUCT_NAME = "$(TARGET_NAME:c99extidentifier)";
				SKIP_INSTALL = YES;
				SWIFT_EMIT_LOC_STRINGS = YES;
				SWIFT_VERSION = 5.0;
				TARGETED_DEVICE_FAMILY = "1,2";
			};
			name = Debug;
		};
		ADBB0477286B680B00054E4A /* Release */ = {
			isa = XCBuildConfiguration;
			buildSettings = {
				CODE_SIGN_STYLE = Automatic;
				CURRENT_PROJECT_VERSION = 1;
				DEFINES_MODULE = YES;
				DYLIB_COMPATIBILITY_VERSION = 1;
				DYLIB_CURRENT_VERSION = 1;
				DYLIB_INSTALL_NAME_BASE = "@rpath";
				GENERATE_INFOPLIST_FILE = YES;
				INFOPLIST_KEY_NSHumanReadableCopyright = "";
				INSTALL_PATH = "$(LOCAL_LIBRARY_DIR)/Frameworks";
				LD_RUNPATH_SEARCH_PATHS = (
					"$(inherited)",
					"@executable_path/Frameworks",
					"@loader_path/Frameworks",
				);
				MARKETING_VERSION = 1.0;
				PRODUCT_BUNDLE_IDENTIFIER = raguloptisol.OptiEmailValidator;
				PRODUCT_NAME = "$(TARGET_NAME:c99extidentifier)";
				SKIP_INSTALL = YES;
				SWIFT_EMIT_LOC_STRINGS = YES;
				SWIFT_VERSION = 5.0;
				TARGETED_DEVICE_FAMILY = "1,2";
			};
			name = Release;
		};
		ADBB0479286B680B00054E4A /* Debug */ = {
			isa = XCBuildConfiguration;
			buildSettings = {
				CODE_SIGN_STYLE = Automatic;
				CURRENT_PROJECT_VERSION = 1;
				GENERATE_INFOPLIST_FILE = YES;
				MARKETING_VERSION = 1.0;
				PRODUCT_BUNDLE_IDENTIFIER = raguloptisol.OptiEmailValidatorTests;
				PRODUCT_NAME = "$(TARGET_NAME)";
				SWIFT_EMIT_LOC_STRINGS = NO;
				SWIFT_VERSION = 5.0;
				TARGETED_DEVICE_FAMILY = "1,2";
			};
			name = Debug;
		};
		ADBB047A286B680B00054E4A /* Release */ = {
			isa = XCBuildConfiguration;
			buildSettings = {
				CODE_SIGN_STYLE = Automatic;
				CURRENT_PROJECT_VERSION = 1;
				GENERATE_INFOPLIST_FILE = YES;
				MARKETING_VERSION = 1.0;
				PRODUCT_BUNDLE_IDENTIFIER = raguloptisol.OptiEmailValidatorTests;
				PRODUCT_NAME = "$(TARGET_NAME)";
				SWIFT_EMIT_LOC_STRINGS = NO;
				SWIFT_VERSION = 5.0;
				TARGETED_DEVICE_FAMILY = "1,2";
			};
			name = Release;
		};
/* End XCBuildConfiguration section */

/* Begin XCConfigurationList section */
		ADBB045B286B680B00054E4A /* Build configuration list for PBXProject "OptiEmailValidator" */ = {
			isa = XCConfigurationList;
			buildConfigurations = (
				ADBB0473286B680B00054E4A /* Debug */,
				ADBB0474286B680B00054E4A /* Release */,
			);
			defaultConfigurationIsVisible = 0;
			defaultConfigurationName = Release;
		};
		ADBB0475286B680B00054E4A /* Build configuration list for PBXNativeTarget "OptiEmailValidator" */ = {
			isa = XCConfigurationList;
			buildConfigurations = (
				ADBB0476286B680B00054E4A /* Debug */,
				ADBB0477286B680B00054E4A /* Release */,
			);
			defaultConfigurationIsVisible = 0;
			defaultConfigurationName = Release;
		};
		ADBB0478286B680B00054E4A /* Build configuration list for PBXNativeTarget "OptiEmailValidatorTests" */ = {
			isa = XCConfigurationList;
			buildConfigurations = (
				ADBB0479286B680B00054E4A /* Debug */,
				ADBB047A286B680B00054E4A /* Release */,
			);
			defaultConfigurationIsVisible = 0;
			defaultConfigurationName = Release;
		};
/* End XCConfigurationList section */
	};
	rootObject = ADBB0458286B680B00054E4A /* Project object */;
}
